{
  "name": "data2025",
  "lockfileVersion": 3,
  "requires": true,
  "packages": {
    "": {
      "dependencies": {
        "number-to-chinese-words": "^1.0.20",
        "readline-sync": "^1.4.10"
      }
    },
    "node_modules/number-to-chinese-words": {
      "version": "1.0.20",
      "resolved": "https://registry.npmjs.org/number-to-chinese-words/-/number-to-chinese-words-1.0.20.tgz",
      "integrity": "sha512-pjqI/H7V+FXrvQ2w9+GQHY6QbyNjYWDJmosjEZGgaParA2bkSxwF1IbsTBZD+R79RL4jkob2whMZDELxOSpH7A==",
      "license": "MIT"
    },
    "node_modules/readline-sync": {
      "version": "1.4.10",
      "resolved": "https://registry.npmjs.org/readline-sync/-/readline-sync-1.4.10.tgz",
      "integrity": "sha512-gNva8/6UAe8QYepIQH/jQ2qn91Qj0B9sYjMBBs3QOB8F2CXcKgLxQaJRP76sWVRQt+QU+8fAkCbCvjjMFu7Ycw==",
      "license": "MIT",
      "engines": {
        "node": ">= 0.8.0"
      }
    }
  }
}
